{
  "name": "rbnl",
  "version": "1.0.2",
  "lockfileVersion": 3,
  "requires": true,
  "packages": {
    "": {
      "name": "rbnl",
      "version": "1.0.2",
      "license": "MIT",
      "dependencies": {
        "browserify-zlib": "^0.2.0",
        "console-class-browser": "^1.0.30",
        "domain-browser": "^5.7.0",
        "http-browserify": "^1.7.0",
        "https-browserify": "^1.0.0",
        "os-browserify": "^0.3.0",
        "virtualfs": "^2.2.0",
        "vm-browserify": "^1.1.2"
      }
    },
    "node_modules/babel-runtime": {
      "version": "6.26.0",
      "resolved": "https://registry.npmjs.org/babel-runtime/-/babel-runtime-6.26.0.tgz",
      "integrity": "sha512-ITKNuq2wKlW1fJg9sSW52eepoYgZBggvOAHC0u/CYu/qxQ9EVzThCgR69BnSXLHjy2f7SY5zaQ4yt7H9ZVxY2g==",
      "license": "MIT",
      "dependencies": {
        "core-js": "^2.4.0",
        "regenerator-runtime": "^0.11.0"
      }
    },
    "node_modules/Base64": {
      "version": "0.2.1",
      "resolved": "https://registry.npmjs.org/Base64/-/Base64-0.2.1.tgz",
      "integrity": "sha512-reGEWshDmTDQDsCec/HduOO9Wyj6yMOupMfhIf3ugN1TDlK2NQW4DDJSqNNtp380SNcvRfXtO8HSCQot0d0SMw=="
    },
    "node_modules/bitset": {
      "version": "5.2.3",
      "resolved": "https://registry.npmjs.org/bitset/-/bitset-5.2.3.tgz",
      "integrity": "sha512-uZ7++Z60MC9cZ+7YzQ1v9yPDydcjhmcMjGx2yoGTjjSXBoVMmTr2LCRbkpI19S9P/C75hhP7Bsakj+gVzVUDbQ==",
      "license": "MIT",
      "engines": {
        "node": "*"
      },
      "funding": {
        "type": "github",
        "url": "https://github.com/sponsors/rawify"
      }
    },
    "node_modules/browserify-zlib": {
      "version": "0.2.0",
      "resolved": "https://registry.npmjs.org/browserify-zlib/-/browserify-zlib-0.2.0.tgz",
      "integrity": "sha512-Z942RysHXmJrhqk88FmKBVq/v5tqmSkDz7p54G/MGyjMnCFFnC79XWNbg+Vta8W6Wb2qtSZTSxIGkJrRpCFEiA==",
      "license": "MIT",
      "dependencies": {
        "pako": "~1.0.5"
      }
    },
    "node_modules/console-class-browser": {
      "version": "1.0.30",
      "resolved": "https://registry.npmjs.org/console-class-browser/-/console-class-browser-1.0.30.tgz",
      "integrity": "sha512-mEhYkc0gr9t/93Ci9u1Xegcm+si4X2Bsi48lOk/P/idxUBwtjeblcFWi3RW51vnWLWMccreFPQTYuXIvqp9utA==",
      "license": " MIT"
    },
    "node_modules/core-js": {
      "version": "2.6.12",
      "resolved": "https://registry.npmjs.org/core-js/-/core-js-2.6.12.tgz",
      "integrity": "sha512-Kb2wC0fvsWfQrgk8HU5lW6U/Lcs8+9aaYcy4ZFc6DDlo4nZ7n70dEgE5rtR0oG6ufKDUnrwfWL1mXR5ljDatrQ==",
      "deprecated": "core-js@<3.23.3 is no longer maintained and not recommended for usage due to the number of issues. Because of the V8 engine whims, feature detection in old core-js versions could cause a slowdown up to 100x even if nothing is polyfilled. Some versions have web compatibility issues. Please, upgrade your dependencies to the actual version of core-js.",
      "hasInstallScript": true,
      "license": "MIT"
    },
    "node_modules/core-util-is": {
      "version": "1.0.3",
      "resolved": "https://registry.npmjs.org/core-util-is/-/core-util-is-1.0.3.tgz",
      "integrity": "sha512-ZQBvi1DcpJ4GDqanjucZ2Hj3wEO5pZDS89BWbkcrvdxksJorwUDDZamX9ldFkp9aw2lmBDLgkObEA4DWNJ9FYQ==",
      "license": "MIT"
    },
    "node_modules/dom-walk": {
      "version": "0.1.2",
      "resolved": "https://registry.npmjs.org/dom-walk/-/dom-walk-0.1.2.tgz",
      "integrity": "sha512-6QvTW9mrGeIegrFXdtQi9pk7O/nSK6lSdXW2eqUspN5LWD7UTji2Fqw5V2YLjBpHEoU9Xl/eUWNpDeZvoyOv2w=="
    },
    "node_modules/domain-browser": {
      "version": "5.7.0",
      "resolved": "https://registry.npmjs.org/domain-browser/-/domain-browser-5.7.0.tgz",
      "integrity": "sha512-edTFu0M/7wO1pXY6GDxVNVW086uqwWYIHP98txhcPyV995X21JIH2DtYp33sQJOupYoXKe9RwTw2Ya2vWaquTQ==",
      "license": "Artistic-2.0",
      "engines": {
        "node": ">=4"
      },
      "funding": {
        "url": "https://bevry.me/fund"
      }
    },
    "node_modules/errno": {
      "version": "0.1.8",
      "resolved": "https://registry.npmjs.org/errno/-/errno-0.1.8.tgz",
      "integrity": "sha512-dJ6oBr5SQ1VSd9qkk7ByRgb/1SH4JZjCHSW/mr63/QcXO9zLVxvJ6Oy13nio03rxpSnVDDjFor75SjVeZWPW/A==",
      "license": "MIT",
      "dependencies": {
        "prr": "~1.0.1"
      },
      "bin": {
        "errno": "cli.js"
      }
    },
    "node_modules/get-random-values": {
      "version": "1.2.2",
      "resolved": "https://registry.npmjs.org/get-random-values/-/get-random-values-1.2.2.tgz",
      "integrity": "sha512-lMyPjQyl0cNNdDf2oR+IQ/fM3itDvpoHy45Ymo2r0L1EjazeSl13SfbKZs7KtZ/3MDCeueiaJiuOEfKqRTsSgA==",
      "license": "MIT",
      "dependencies": {
        "global": "^4.4.0"
      },
      "engines": {
        "node": "10 || 12 || >=14"
      }
    },
    "node_modules/global": {
      "version": "4.4.0",
      "resolved": "https://registry.npmjs.org/global/-/global-4.4.0.tgz",
      "integrity": "sha512-wv/LAoHdRE3BeTGz53FAamhGlPLhlssK45usmGFThIi4XqnBmjKQ16u+RNbP7WvigRZDxUsM0J3gcQ5yicaL0w==",
      "license": "MIT",
      "dependencies": {
        "min-document": "^2.19.0",
        "process": "^0.11.10"
      }
    },
    "node_modules/http-browserify": {
      "version": "1.7.0",
      "resolved": "https://registry.npmjs.org/http-browserify/-/http-browserify-1.7.0.tgz",
      "integrity": "sha512-Irf/LJXmE3cBzU1eaR4+NEX6bmVLqt1wkmDiA7kBwH7zmb0D8kBAXsDmQ88hhj/qv9iEZKlyGx/hrMcFi8sOHw==",
      "license": "MIT/X11",
      "dependencies": {
        "Base64": "~0.2.0",
        "inherits": "~2.0.1"
      }
    },
    "node_modules/https-browserify": {
      "version": "1.0.0",
      "resolved": "https://registry.npmjs.org/https-browserify/-/https-browserify-1.0.0.tgz",
      "integrity": "sha512-J+FkSdyD+0mA0N+81tMotaRMfSL9SGi+xpD3T6YApKsc3bGSXJlfXri3VyFOeYkfLRQisDk1W+jIFFKBeUBbBg==",
      "license": "MIT"
    },
    "node_modules/inherits": {
      "version": "2.0.4",
      "resolved": "https://registry.npmjs.org/inherits/-/inherits-2.0.4.tgz",
      "integrity": "sha512-k/vGaX4/Yla3WzyMCvTQOXYeIHvqOKtnqBduzTHpzpQZzAskKMhZ2K+EnBiSM9zGSoIFeMpXKxa4dYeZIQqewQ==",
      "license": "ISC"
    },
    "node_modules/isarray": {
      "version": "1.0.0",
      "resolved": "https://registry.npmjs.org/isarray/-/isarray-1.0.0.tgz",
      "integrity": "sha512-VLghIWNM6ELQzo7zwmcg0NmTVyWKYjvIeM83yjp0wRDTmUnrM678fQbcKBo6n2CJEF0szoG//ytg+TKla89ALQ==",
      "license": "MIT"
    },
    "node_modules/min-document": {
      "version": "2.19.2",
      "resolved": "https://registry.npmjs.org/min-document/-/min-document-2.19.2.tgz",
      "integrity": "sha512-8S5I8db/uZN8r9HSLFVWPdJCvYOejMcEC82VIzNUc6Zkklf/d1gg2psfE79/vyhWOj4+J8MtwmoOz3TmvaGu5A==",
      "license": "MIT",
      "dependencies": {
        "dom-walk": "^0.1.0"
      }
    },
    "node_modules/os-browserify": {
      "version": "0.3.0",
      "resolved": "https://registry.npmjs.org/os-browserify/-/os-browserify-0.3.0.tgz",
      "integrity": "sha512-gjcpUc3clBf9+210TRaDWbf+rZZZEshZ+DlXMRCeAjp0xhTrnQsKHypIy1J3d5hKdUzj69t708EHtU8P6bUn0A==",
      "license": "MIT"
    },
    "node_modules/pako": {
      "version": "1.0.11",
      "resolved": "https://registry.npmjs.org/pako/-/pako-1.0.11.tgz",
      "integrity": "sha512-4hLB8Py4zZce5s4yd9XzopqwVv/yGNhV1Bl8NTmCq1763HeK2+EwVTv+leGeL13Dnh2wfbqowVPXCIO0z4taYw==",
      "license": "(MIT AND Zlib)"
    },
    "node_modules/permaproxy": {
      "version": "0.0.2",
      "resolved": "https://registry.npmjs.org/permaproxy/-/permaproxy-0.0.2.tgz",
      "integrity": "sha512-AKcjE/lGcA4MKK0dMwMlkrt/TRVbQQXJ0YUaLOvW3ZHpUx4X/JgLJ76JX8KKdn10VieKRssOrpsgNglQTZpUcA==",
      "license": "Apache-2.0",
      "engines": {
        "node": ">=6.4.0"
      }
    },
    "node_modules/process": {
      "version": "0.11.10",
      "resolved": "https://registry.npmjs.org/process/-/process-0.11.10.tgz",
      "integrity": "sha512-cdGef/drWFoydD1JsMzuFf8100nZl+GT+yacc2bEced5f9Rjk4z+WtFUTBu9PhOi9j/jfmBPu0mMEY4wIdAF8A==",
      "license": "MIT",
      "engines": {
        "node": ">= 0.6.0"
      }
    },
    "node_modules/process-nextick-args": {
      "version": "2.0.1",
      "resolved": "https://registry.npmjs.org/process-nextick-args/-/process-nextick-args-2.0.1.tgz",
      "integrity": "sha512-3ouUOpQhtgrbOa17J7+uxOTpITYWaGP7/AhoR3+A+/1e9skrzelGi/dXzEYyvbxubEF6Wn2ypscTKiKJFFn1ag==",
      "license": "MIT"
    },
    "node_modules/prr": {
      "version": "1.0.1",
      "resolved": "https://registry.npmjs.org/prr/-/prr-1.0.1.tgz",
      "integrity": "sha512-yPw4Sng1gWghHQWj0B3ZggWUm4qVbPwPFcRG8KyxiU7J2OHFSoEHKS+EZ3fv5l1t9CyCiop6l/ZYeWbrgoQejw==",
      "license": "MIT"
    },
    "node_modules/readable-stream": {
      "version": "2.3.8",
      "resolved": "https://registry.npmjs.org/readable-stream/-/readable-stream-2.3.8.tgz",
      "integrity": "sha512-8p0AUk4XODgIewSi0l8Epjs+EVnWiK7NoDIEGU0HhE7+ZyY8D1IMY7odu5lRrFXGg71L15KG8QrPmum45RTtdA==",
      "license": "MIT",
      "dependencies": {
        "core-util-is": "~1.0.0",
        "inherits": "~2.0.3",
        "isarray": "~1.0.0",
        "process-nextick-args": "~2.0.0",
        "safe-buffer": "~5.1.1",
        "string_decoder": "~1.1.1",
        "util-deprecate": "~1.0.1"
      }
    },
    "node_modules/regenerator-runtime": {
      "version": "0.11.1",
      "resolved": "https://registry.npmjs.org/regenerator-runtime/-/regenerator-runtime-0.11.1.tgz",
      "integrity": "sha512-MguG95oij0fC3QV3URf4V2SDYGJhJnJGqvIIgdECeODCT98wSWDAJ94SSuVpYQUoTcGUIL6L4yNB7j1DFFHSBg==",
      "license": "MIT"
    },
    "node_modules/resource-counter": {
      "version": "1.2.4",
      "resolved": "https://registry.npmjs.org/resource-counter/-/resource-counter-1.2.4.tgz",
      "integrity": "sha512-DGJChvE5r4smqPE+xYNv9r1u/I9cCfRR5yfm7D6EQckdKqMyVpJ5z0s40yn0EM0puFxHg6mPORrQLQdEbJ/RnQ==",
      "license": "Apache-2.0",
      "dependencies": {
        "babel-runtime": "^6.26.0",
        "bitset": "^5.0.3"
      },
      "engines": {
        "node": ">=6.4.0"
      }
    },
    "node_modules/safe-buffer": {
      "version": "5.1.2",
      "resolved": "https://registry.npmjs.org/safe-buffer/-/safe-buffer-5.1.2.tgz",
      "integrity": "sha512-Gd2UZBJDkXlY7GbJxfsE8/nvKkUEU1G38c1siN6QP6a9PT9MmHB8GnpscSmMJSoF8LOIrt8ud/wPtojys4G6+g==",
      "license": "MIT"
    },
    "node_modules/secure-random-bytes": {
      "version": "1.0.1",
      "resolved": "https://registry.npmjs.org/secure-random-bytes/-/secure-random-bytes-1.0.1.tgz",
      "integrity": "sha512-3swf0DDVA+jtLgX/rMJf4351B9jhPcJ4mzKxdbzINoTYQA/dwRDOrV4AQLNU6G0xl2TbT6LHWWPAWz69p4yJSA==",
      "license": "MIT",
      "dependencies": {
        "secure-random-octet": "^1.0.1"
      }
    },
    "node_modules/secure-random-octet": {
      "version": "1.0.4",
      "resolved": "https://registry.npmjs.org/secure-random-octet/-/secure-random-octet-1.0.4.tgz",
      "integrity": "sha512-JsNGjMUW4cUtcbkqJdyQGPdq4E806PS89p/fASX8xyWl82FrIy8CZTI9jFaKmv/F1gjg1miftJxyLicasWabtg==",
      "license": "MIT",
      "dependencies": {
        "get-random-values": "^1.2.2"
      }
    },
    "node_modules/string_decoder": {
      "version": "1.1.1",
      "resolved": "https://registry.npmjs.org/string_decoder/-/string_decoder-1.1.1.tgz",
      "integrity": "sha512-n/ShnvDi6FHbbVfviro+WojiFzv+s8MPMHBczVePfUpDJLwoLT0ht1l4YwBCbi8pJAveEEdnkHyPyTP/mzRfwg==",
      "license": "MIT",
      "dependencies": {
        "safe-buffer": "~5.1.0"
      }
    },
    "node_modules/util-deprecate": {
      "version": "1.0.2",
      "resolved": "https://registry.npmjs.org/util-deprecate/-/util-deprecate-1.0.2.tgz",
      "integrity": "sha512-EPD5q1uXyFxJpCrLnCc1nHnq3gOa6DZBocAIiI2TaSCA7VCJ1UJDMagCzIkXNsUYfD1daK//LTEQ8xiIbrHtcw==",
      "license": "MIT"
    },
    "node_modules/virtualfs": {
      "version": "2.2.0",
      "resolved": "https://registry.npmjs.org/virtualfs/-/virtualfs-2.2.0.tgz",
      "integrity": "sha512-IhKend8RSZReoyXybZAJWzCxhASNeBufBgyrpLCcc7B9hnqJtiY511vZPKIIi2mO7+SO2Hj4D778GunR9D1pBA==",
      "license": "Apache-2.0",
      "dependencies": {
        "babel-runtime": "^6.26.0",
        "errno": "^0.1.7",
        "permaproxy": "0.0.2",
        "readable-stream": "^2.3.6",
        "resource-counter": "^1.2.4",
        "secure-random-bytes": "^1.0.1"
      },
      "engines": {
        "node": ">=6.4.0"
      }
    },
    "node_modules/vm-browserify": {
      "version": "1.1.2",
      "resolved": "https://registry.npmjs.org/vm-browserify/-/vm-browserify-1.1.2.tgz",
      "integrity": "sha512-2ham8XPWTONajOR0ohOKOHXkm3+gaBmGut3SRuu75xLd/RRaY6vqgh8NBYYk7+RW3u5AtzPQZG8F10LHkl0lAQ==",
      "license": "MIT"
    }
  }
}
